<?xml version="1.0" encoding="utf-8"?>
<Project ToolsVersion="4.0" xmlns="http://schemas.microsoft.com/developer/msbuild/2003">
  <ItemGroup>
    <Filter Include="Source Files">
      <UniqueIdentifier>{4FC737F1-C7A5-4376-A066-2A32D752A2FF}</UniqueIdentifier>
      <Extensions>cpp;c;cc;cxx;def;odl;idl;hpj;bat;asm;asmx</Extensions>
    </Filter>
    <Filter Include="Header Files">
      <UniqueIdentifier>{93995380-89BD-4b04-88EB-625FBE52EBFB}</UniqueIdentifier>
      <Extensions>h;hh;hpp;hxx;hm;inl;inc;xsd</Extensions>
    </Filter>
    <Filter Include="Resource Files">
      <UniqueIdentifier>{67DA6AB6-F800-4c08-8B7A-83BB121AAD01}</UniqueIdentifier>
      <Extensions>rc;ico;cur;bmp;dlg;rc2;rct;bin;rgs;gif;jpg;jpeg;jpe;resx;tiff;tif;png;wav;mfcribbon-ms</Extensions>
    </Filter>
    <Filter Include="deps">
      <UniqueIdentifier>{6790cfbc-08f0-447d-8d73-c014dc55a99a}</UniqueIdentifier>
    </Filter>
    <Filter Include="deps\fmt">
      <UniqueIdentifier>{eea8cc24-bbcd-49b8-831e-8eb07a39d579}</UniqueIdentifier>
    </Filter>
    <Filter Include="deps\base64">
      <UniqueIdentifier>{06210a63-ccb5-445b-9d3b-5a6f7cd8ec48}</UniqueIdentifier>
    </Filter>
    <Filter Include="deps\simpleini">
      <UniqueIdentifier>{bf94779c-fd26-425f-8031-7bc55347daeb}</UniqueIdentifier>
    </Filter>
    <Filter Include="core">
      <UniqueIdentifier>{7fb9c7e1-5772-4a3b-85d1-37a2e91e38b7}</UniqueIdentifier>
    </Filter>
    <Filter Include="third">
      <UniqueIdentifier>{986f7ae6-d859-465c-8060-e3dcac7d7510}</UniqueIdentifier>
    </Filter>
    <Filter Include="self">
      <UniqueIdentifier>{2dd30313-cfd7-4c1d-a8ba-d7c874cbd43f}</UniqueIdentifier>
    </Filter>
    <Filter Include="utils">
      <UniqueIdentifier>{e8699736-104d-4041-94a7-4eb2c44dffd3}</UniqueIdentifier>
    </Filter>
    <Filter Include="core\inner">
      <UniqueIdentifier>{95b6b00c-d909-4917-b870-4e68c857c277}</UniqueIdentifier>
    </Filter>
    <Filter Include="core\inner-zlib">
      <UniqueIdentifier>{b8804b1c-dfcb-4ab1-aa1b-c5eccc0f25f0}</UniqueIdentifier>
    </Filter>
    <Filter Include="core\inner-http">
      <UniqueIdentifier>{3c567979-588c-40bf-8558-e6b540858561}</UniqueIdentifier>
    </Filter>
    <Filter Include="core\inner-child-process">
      <UniqueIdentifier>{d8c03b05-2af1-4fa4-b4fa-88eb8de883a5}</UniqueIdentifier>
    </Filter>
    <Filter Include="deps\nlohmann">
      <UniqueIdentifier>{1bdfda9a-5b30-475a-aeba-9357012dd3bb}</UniqueIdentifier>
    </Filter>
  </ItemGroup>
  <ItemGroup>
    <ClCompile Include="nodepp.cpp">
      <Filter>Source Files</Filter>
    </ClCompile>
    <ClCompile Include="fmt\format.cc">
      <Filter>deps\fmt</Filter>
    </ClCompile>
    <ClCompile Include="base64\base64.cpp">
      <Filter>deps\base64</Filter>
    </ClCompile>
    <ClCompile Include="base64\modp_b64.cc">
      <Filter>deps\base64</Filter>
    </ClCompile>
    <ClCompile Include="buffer.cpp">
      <Filter>core</Filter>
    </ClCompile>
    <ClCompile Include="child_process.cpp">
      <Filter>core</Filter>
    </ClCompile>
    <ClCompile Include="core.cpp">
      <Filter>core</Filter>
    </ClCompile>
    <ClCompile Include="core-math.cpp">
      <Filter>core</Filter>
    </ClCompile>
    <ClCompile Include="error.cpp">
      <Filter>core</Filter>
    </ClCompile>
    <ClCompile Include="dll-util.cpp">
      <Filter>self</Filter>
    </ClCompile>
    <ClCompile Include="events.cpp">
      <Filter>core</Filter>
    </ClCompile>
    <ClCompile Include="http.cpp">
      <Filter>core</Filter>
    </ClCompile>
    <ClCompile Include="fs.cpp">
      <Filter>core</Filter>
    </ClCompile>
    <ClCompile Include="file-url.cpp">
      <Filter>third</Filter>
    </ClCompile>
    <ClCompile Include="hooker.cpp">
      <Filter>self</Filter>
    </ClCompile>
    <ClCompile Include="iconv.cpp">
      <Filter>third</Filter>
    </ClCompile>
    <ClCompile Include="ini.cpp">
      <Filter>self</Filter>
    </ClCompile>
    <ClCompile Include="keyboard-code-trans.cpp">
      <Filter>self</Filter>
    </ClCompile>
    <ClCompile Include="lodash.cpp">
      <Filter>third</Filter>
    </ClCompile>
    <ClCompile Include="net.cpp">
      <Filter>core</Filter>
    </ClCompile>
    <ClCompile Include="moment.cpp">
      <Filter>third</Filter>
    </ClCompile>
    <ClCompile Include="os.cpp">
      <Filter>core</Filter>
    </ClCompile>
    <ClCompile Include="path.cpp">
      <Filter>core</Filter>
    </ClCompile>
    <ClCompile Include="pe-cert.cpp">
      <Filter>self</Filter>
    </ClCompile>
    <ClCompile Include="process.cpp">
      <Filter>core</Filter>
    </ClCompile>
    <ClCompile Include="querystring.cpp">
      <Filter>core</Filter>
    </ClCompile>
    <ClCompile Include="shm.cpp">
      <Filter>self</Filter>
    </ClCompile>
    <ClCompile Include="timers.cpp">
      <Filter>core</Filter>
    </ClCompile>
    <ClCompile Include="underscore.string.cpp">
      <Filter>third</Filter>
    </ClCompile>
    <ClCompile Include="url.cpp">
      <Filter>core</Filter>
    </ClCompile>
    <ClCompile Include="fs-wrap.cpp">
      <Filter>core\inner</Filter>
    </ClCompile>
    <ClCompile Include="net-server.cpp">
      <Filter>core\inner</Filter>
    </ClCompile>
    <ClCompile Include="net-socket.cpp">
      <Filter>core\inner</Filter>
    </ClCompile>
    <ClCompile Include="crypto.cpp">
      <Filter>core</Filter>
    </ClCompile>
    <ClCompile Include="node-zlib.cpp">
      <Filter>core</Filter>
    </ClCompile>
    <ClCompile Include="dns.cpp">
      <Filter>core</Filter>
    </ClCompile>
    <ClCompile Include="client-request.cpp">
      <Filter>core\inner-http</Filter>
    </ClCompile>
    <ClCompile Include="http-server.cpp">
      <Filter>core\inner-http</Filter>
    </ClCompile>
    <ClCompile Include="server-response.cpp">
      <Filter>core\inner-http</Filter>
    </ClCompile>
    <ClCompile Include="http-common.cpp">
      <Filter>core\inner-http</Filter>
    </ClCompile>
    <ClCompile Include="winreg.cpp">
      <Filter>third</Filter>
    </ClCompile>
    <ClCompile Include="child-process.cpp">
      <Filter>core\inner-child-process</Filter>
    </ClCompile>
    <ClCompile Include="process-wrap.cpp">
      <Filter>core\inner-child-process</Filter>
    </ClCompile>
  </ItemGroup>
  <ItemGroup>
    <ClInclude Include="base64\base64.h">
      <Filter>deps\base64</Filter>
    </ClInclude>
    <ClInclude Include="base64\modp_b64.h">
      <Filter>deps\base64</Filter>
    </ClInclude>
    <ClInclude Include="base64\modp_b64_data.h">
      <Filter>deps\base64</Filter>
    </ClInclude>
    <ClInclude Include="fmt\format.h">
      <Filter>deps\fmt</Filter>
    </ClInclude>
    <ClInclude Include="SimpleIni\SimpleIni.h">
      <Filter>deps\simpleini</Filter>
    </ClInclude>
    <ClInclude Include="nodecpp.h">
      <Filter>Header Files</Filter>
    </ClInclude>
    <ClInclude Include="nodecpp-def.h">
      <Filter>Header Files</Filter>
    </ClInclude>
    <ClInclude Include="url.h">
      <Filter>core</Filter>
    </ClInclude>
    <ClInclude Include="timers.h">
      <Filter>core</Filter>
    </ClInclude>
    <ClInclude Include="singleton.h">
      <Filter>utils</Filter>
    </ClInclude>
    <ClInclude Include="std-regex-ex.h">
      <Filter>utils</Filter>
    </ClInclude>
    <ClInclude Include="shm.h">
      <Filter>self</Filter>
    </ClInclude>
    <ClInclude Include="path.h">
      <Filter>core</Filter>
    </ClInclude>
    <ClInclude Include="os.h">
      <Filter>core</Filter>
    </ClInclude>
    <ClInclude Include="process.h">
      <Filter>core</Filter>
    </ClInclude>
    <ClInclude Include="querystring.h">
      <Filter>core</Filter>
    </ClInclude>
    <ClInclude Include="net.h">
      <Filter>core</Filter>
    </ClInclude>
    <ClInclude Include="fs.h">
      <Filter>core</Filter>
    </ClInclude>
    <ClInclude Include="http.h">
      <Filter>core</Filter>
    </ClInclude>
    <ClInclude Include="child_process.h">
      <Filter>core</Filter>
    </ClInclude>
    <ClInclude Include="core.h">
      <Filter>core</Filter>
    </ClInclude>
    <ClInclude Include="core-math.h">
      <Filter>core</Filter>
    </ClInclude>
    <ClInclude Include="error.h">
      <Filter>core</Filter>
    </ClInclude>
    <ClInclude Include="events.h">
      <Filter>core</Filter>
    </ClInclude>
    <ClInclude Include="iconv.h">
      <Filter>third</Filter>
    </ClInclude>
    <ClInclude Include="file-url.h">
      <Filter>third</Filter>
    </ClInclude>
    <ClInclude Include="buffer.h">
      <Filter>core</Filter>
    </ClInclude>
    <ClInclude Include="moment.h">
      <Filter>third</Filter>
    </ClInclude>
    <ClInclude Include="lodash.h">
      <Filter>third</Filter>
    </ClInclude>
    <ClInclude Include="callback.h">
      <Filter>utils</Filter>
    </ClInclude>
    <ClInclude Include="dll-util.h">
      <Filter>self</Filter>
    </ClInclude>
    <ClInclude Include="hooker.h">
      <Filter>self</Filter>
    </ClInclude>
    <ClInclude Include="ini.h">
      <Filter>self</Filter>
    </ClInclude>
    <ClInclude Include="keyboard-codes.h">
      <Filter>self</Filter>
    </ClInclude>
    <ClInclude Include="keyboard-code-trans.h">
      <Filter>self</Filter>
    </ClInclude>
    <ClInclude Include="pe-cert.h">
      <Filter>self</Filter>
    </ClInclude>
    <ClInclude Include="underscore.string.h">
      <Filter>third</Filter>
    </ClInclude>
    <ClInclude Include="fs-wrap.h">
      <Filter>core\inner</Filter>
    </ClInclude>
    <ClInclude Include="net-server.h">
      <Filter>core\inner</Filter>
    </ClInclude>
    <ClInclude Include="net-socket.h">
      <Filter>core\inner</Filter>
    </ClInclude>
    <ClInclude Include="crypto.h">
      <Filter>core</Filter>
    </ClInclude>
    <ClInclude Include="node-zlib.h">
      <Filter>core</Filter>
    </ClInclude>
    <ClInclude Include="dns.h">
      <Filter>core</Filter>
    </ClInclude>
    <ClInclude Include="client-request.h">
      <Filter>core\inner-http</Filter>
    </ClInclude>
    <ClInclude Include="http-server.h">
      <Filter>core\inner-http</Filter>
    </ClInclude>
    <ClInclude Include="server-response.h">
      <Filter>core\inner-http</Filter>
    </ClInclude>
    <ClInclude Include="http-common.h">
      <Filter>core\inner-http</Filter>
    </ClInclude>
    <ClInclude Include="winreg.h">
      <Filter>third</Filter>
    </ClInclude>
    <ClInclude Include="child-process.h">
      <Filter>core\inner-child-process</Filter>
    </ClInclude>
    <ClInclude Include="process-wrap.h">
      <Filter>core\inner-child-process</Filter>
    </ClInclude>
    <ClInclude Include="nlohmann\json.hpp">
      <Filter>deps\nlohmann</Filter>
    </ClInclude>
  </ItemGroup>
</Project>