<?xml version="1.0" encoding="utf-8"?>
<Project ToolsVersion="4.0" xmlns="http://schemas.microsoft.com/developer/msbuild/2003">
  <ItemGroup>
    <Filter Include="Source Files">
      <UniqueIdentifier>{4FC737F1-C7A5-4376-A066-2A32D752A2FF}</UniqueIdentifier>
      <Extensions>cpp;c;cc;cxx;def;odl;idl;hpj;bat;asm;asmx</Extensions>
    </Filter>
    <Filter Include="Header Files">
      <UniqueIdentifier>{93995380-89BD-4b04-88EB-625FBE52EBFB}</UniqueIdentifier>
      <Extensions>h;hh;hpp;hxx;hm;inl;inc;xsd</Extensions>
    </Filter>
    <Filter Include="Resource Files">
      <UniqueIdentifier>{67DA6AB6-F800-4c08-8B7A-83BB121AAD01}</UniqueIdentifier>
      <Extensions>rc;ico;cur;bmp;dlg;rc2;rct;bin;rgs;gif;jpg;jpeg;jpe;resx;tiff;tif;png;wav;mfcribbon-ms</Extensions>
    </Filter>
    <Filter Include="deps">
      <UniqueIdentifier>{705d7545-fb12-4c4a-8ffb-3d2e3e2679c1}</UniqueIdentifier>
    </Filter>
    <Filter Include="deps\base64">
      <UniqueIdentifier>{dbde5536-62d8-448c-bb4b-3350d97f5241}</UniqueIdentifier>
    </Filter>
    <Filter Include="deps\fmt">
      <UniqueIdentifier>{638cc808-0ae1-4e70-826c-f5ae69c96f45}</UniqueIdentifier>
    </Filter>
    <Filter Include="deps\nlohmann">
      <UniqueIdentifier>{f0a65fb4-e76e-42c4-a6f4-be971d1cced6}</UniqueIdentifier>
    </Filter>
    <Filter Include="deps\SimpleIni">
      <UniqueIdentifier>{27048edd-811e-410d-a5dc-3d5cf4e391b4}</UniqueIdentifier>
    </Filter>
    <Filter Include="core">
      <UniqueIdentifier>{db1de3f5-9499-4927-abf6-e81bf4a0edf3}</UniqueIdentifier>
    </Filter>
    <Filter Include="third">
      <UniqueIdentifier>{6e6132fc-fa84-4ea6-bf3a-ba5c1cb878d4}</UniqueIdentifier>
    </Filter>
    <Filter Include="core\inner">
      <UniqueIdentifier>{7914d6d6-5abf-4470-8e3e-776a2700fe6f}</UniqueIdentifier>
    </Filter>
    <Filter Include="deps\zlib">
      <UniqueIdentifier>{dc776985-0d23-47c7-8fe3-3b3e84ae4a3c}</UniqueIdentifier>
    </Filter>
  </ItemGroup>
  <ItemGroup>
    <ClInclude Include="async-wrap.h">
      <Filter>Header Files</Filter>
    </ClInclude>
    <ClInclude Include="base-object.h">
      <Filter>Header Files</Filter>
    </ClInclude>
    <ClInclude Include="buffer.h">
      <Filter>Header Files</Filter>
    </ClInclude>
    <ClInclude Include="child_process.h">
      <Filter>Header Files</Filter>
    </ClInclude>
    <ClInclude Include="child-process.h">
      <Filter>Header Files</Filter>
    </ClInclude>
    <ClInclude Include="client-request.h">
      <Filter>Header Files</Filter>
    </ClInclude>
    <ClInclude Include="connection-wrap.h">
      <Filter>Header Files</Filter>
    </ClInclude>
    <ClInclude Include="core.h">
      <Filter>Header Files</Filter>
    </ClInclude>
    <ClInclude Include="core-math.h">
      <Filter>Header Files</Filter>
    </ClInclude>
    <ClInclude Include="crypto.h">
      <Filter>Header Files</Filter>
    </ClInclude>
    <ClInclude Include="dll-util.h">
      <Filter>Header Files</Filter>
    </ClInclude>
    <ClInclude Include="dns.h">
      <Filter>Header Files</Filter>
    </ClInclude>
    <ClInclude Include="error.h">
      <Filter>Header Files</Filter>
    </ClInclude>
    <ClInclude Include="events.h">
      <Filter>Header Files</Filter>
    </ClInclude>
    <ClInclude Include="file-url.h">
      <Filter>Header Files</Filter>
    </ClInclude>
    <ClInclude Include="fs.h">
      <Filter>Header Files</Filter>
    </ClInclude>
    <ClInclude Include="fs-req-wrap.h">
      <Filter>Header Files</Filter>
    </ClInclude>
    <ClInclude Include="handle-wrap.h">
      <Filter>Header Files</Filter>
    </ClInclude>
    <ClInclude Include="http.h">
      <Filter>Header Files</Filter>
    </ClInclude>
    <ClInclude Include="http-common.h">
      <Filter>Header Files</Filter>
    </ClInclude>
    <ClInclude Include="http-server.h">
      <Filter>Header Files</Filter>
    </ClInclude>
    <ClInclude Include="iconv.h">
      <Filter>Header Files</Filter>
    </ClInclude>
    <ClInclude Include="ini.h">
      <Filter>Header Files</Filter>
    </ClInclude>
    <ClInclude Include="keyboard-codes.h">
      <Filter>Header Files</Filter>
    </ClInclude>
    <ClInclude Include="keyboard-code-trans.h">
      <Filter>Header Files</Filter>
    </ClInclude>
    <ClInclude Include="lodash.h">
      <Filter>Header Files</Filter>
    </ClInclude>
    <ClInclude Include="moment.h">
      <Filter>Header Files</Filter>
    </ClInclude>
    <ClInclude Include="net.h">
      <Filter>Header Files</Filter>
    </ClInclude>
    <ClInclude Include="net-server.h">
      <Filter>Header Files</Filter>
    </ClInclude>
    <ClInclude Include="net-socket.h">
      <Filter>Header Files</Filter>
    </ClInclude>
    <ClInclude Include="nodecpp.h">
      <Filter>Header Files</Filter>
    </ClInclude>
    <ClInclude Include="nodecpp-def.h">
      <Filter>Header Files</Filter>
    </ClInclude>
    <ClInclude Include="nodecpp-internals.h">
      <Filter>Header Files</Filter>
    </ClInclude>
    <ClInclude Include="node-zlib.h">
      <Filter>Header Files</Filter>
    </ClInclude>
    <ClInclude Include="os.h">
      <Filter>Header Files</Filter>
    </ClInclude>
    <ClInclude Include="path.h">
      <Filter>Header Files</Filter>
    </ClInclude>
    <ClInclude Include="pe-cert.h">
      <Filter>Header Files</Filter>
    </ClInclude>
    <ClInclude Include="pipe-wrap.h">
      <Filter>Header Files</Filter>
    </ClInclude>
    <ClInclude Include="process.h">
      <Filter>Header Files</Filter>
    </ClInclude>
    <ClInclude Include="process-wrap.h">
      <Filter>Header Files</Filter>
    </ClInclude>
    <ClInclude Include="querystring.h">
      <Filter>Header Files</Filter>
    </ClInclude>
    <ClInclude Include="read-file-context.h">
      <Filter>Header Files</Filter>
    </ClInclude>
    <ClInclude Include="req-wrap.h">
      <Filter>Header Files</Filter>
    </ClInclude>
    <ClInclude Include="server-response.h">
      <Filter>Header Files</Filter>
    </ClInclude>
    <ClInclude Include="shm.h">
      <Filter>Header Files</Filter>
    </ClInclude>
    <ClInclude Include="shutdown-wrap.h">
      <Filter>Header Files</Filter>
    </ClInclude>
    <ClInclude Include="singleton.h">
      <Filter>Header Files</Filter>
    </ClInclude>
    <ClInclude Include="stats-def.h">
      <Filter>Header Files</Filter>
    </ClInclude>
    <ClInclude Include="std-regex-ex.h">
      <Filter>Header Files</Filter>
    </ClInclude>
    <ClInclude Include="stream.h">
      <Filter>Header Files</Filter>
    </ClInclude>
    <ClInclude Include="stream-base.h">
      <Filter>Header Files</Filter>
    </ClInclude>
    <ClInclude Include="stream-readable.h">
      <Filter>Header Files</Filter>
    </ClInclude>
    <ClInclude Include="stream-resource.h">
      <Filter>Header Files</Filter>
    </ClInclude>
    <ClInclude Include="stream-wrap.h">
      <Filter>Header Files</Filter>
    </ClInclude>
    <ClInclude Include="tcp-wrap.h">
      <Filter>Header Files</Filter>
    </ClInclude>
    <ClInclude Include="timers.h">
      <Filter>Header Files</Filter>
    </ClInclude>
    <ClInclude Include="timer-wrap.h">
      <Filter>Header Files</Filter>
    </ClInclude>
    <ClInclude Include="underscore.string.h">
      <Filter>Header Files</Filter>
    </ClInclude>
    <ClInclude Include="url.h">
      <Filter>Header Files</Filter>
    </ClInclude>
    <ClInclude Include="util.h">
      <Filter>Header Files</Filter>
    </ClInclude>
    <ClInclude Include="winreg.h">
      <Filter>Header Files</Filter>
    </ClInclude>
    <ClInclude Include="wm-code-trans.h">
      <Filter>Header Files</Filter>
    </ClInclude>
    <ClInclude Include="write-wrap.h">
      <Filter>Header Files</Filter>
    </ClInclude>
    <ClInclude Include="base64\base64.h">
      <Filter>deps\base64</Filter>
    </ClInclude>
    <ClInclude Include="base64\modp_b64.h">
      <Filter>deps\base64</Filter>
    </ClInclude>
    <ClInclude Include="base64\modp_b64_data.h">
      <Filter>deps\base64</Filter>
    </ClInclude>
    <ClInclude Include="fmt\format.h">
      <Filter>deps\fmt</Filter>
    </ClInclude>
    <ClInclude Include="nlohmann\json.hpp">
      <Filter>deps\nlohmann</Filter>
    </ClInclude>
    <ClInclude Include="zctx.h">
      <Filter>core\inner</Filter>
    </ClInclude>
    <ClInclude Include="super-agent.h">
      <Filter>third</Filter>
    </ClInclude>
    <ClInclude Include="request-wrap.h">
      <Filter>third</Filter>
    </ClInclude>
    <ClInclude Include="zlib\ioapi.h">
      <Filter>deps\zlib</Filter>
    </ClInclude>
    <ClInclude Include="zlib\unzip.h">
      <Filter>deps\zlib</Filter>
    </ClInclude>
    <ClInclude Include="async.h">
      <Filter>third</Filter>
    </ClInclude>
  </ItemGroup>
  <ItemGroup>
    <ClCompile Include="buffer.cpp">
      <Filter>Source Files</Filter>
    </ClCompile>
    <ClCompile Include="child_process.cpp">
      <Filter>Source Files</Filter>
    </ClCompile>
    <ClCompile Include="child-process.cpp">
      <Filter>Source Files</Filter>
    </ClCompile>
    <ClCompile Include="client-request.cpp">
      <Filter>Source Files</Filter>
    </ClCompile>
    <ClCompile Include="connection-wrap.cpp">
      <Filter>Source Files</Filter>
    </ClCompile>
    <ClCompile Include="core.cpp">
      <Filter>Source Files</Filter>
    </ClCompile>
    <ClCompile Include="core-math.cpp">
      <Filter>Source Files</Filter>
    </ClCompile>
    <ClCompile Include="crypto.cpp">
      <Filter>Source Files</Filter>
    </ClCompile>
    <ClCompile Include="dll-util.cpp">
      <Filter>Source Files</Filter>
    </ClCompile>
    <ClCompile Include="dns.cpp">
      <Filter>Source Files</Filter>
    </ClCompile>
    <ClCompile Include="error.cpp">
      <Filter>Source Files</Filter>
    </ClCompile>
    <ClCompile Include="events.cpp">
      <Filter>Source Files</Filter>
    </ClCompile>
    <ClCompile Include="file-url.cpp">
      <Filter>Source Files</Filter>
    </ClCompile>
    <ClCompile Include="fs.cpp">
      <Filter>Source Files</Filter>
    </ClCompile>
    <ClCompile Include="fs-req-wrap.cpp">
      <Filter>Source Files</Filter>
    </ClCompile>
    <ClCompile Include="handle-wrap.cpp">
      <Filter>Source Files</Filter>
    </ClCompile>
    <ClCompile Include="http.cpp">
      <Filter>Source Files</Filter>
    </ClCompile>
    <ClCompile Include="http-common.cpp">
      <Filter>Source Files</Filter>
    </ClCompile>
    <ClCompile Include="http-server.cpp">
      <Filter>Source Files</Filter>
    </ClCompile>
    <ClCompile Include="iconv.cpp">
      <Filter>Source Files</Filter>
    </ClCompile>
    <ClCompile Include="ini.cpp">
      <Filter>Source Files</Filter>
    </ClCompile>
    <ClCompile Include="keyboard-code-trans.cpp">
      <Filter>Source Files</Filter>
    </ClCompile>
    <ClCompile Include="lodash.cpp">
      <Filter>Source Files</Filter>
    </ClCompile>
    <ClCompile Include="moment.cpp">
      <Filter>Source Files</Filter>
    </ClCompile>
    <ClCompile Include="net.cpp">
      <Filter>Source Files</Filter>
    </ClCompile>
    <ClCompile Include="net-server.cpp">
      <Filter>Source Files</Filter>
    </ClCompile>
    <ClCompile Include="net-socket.cpp">
      <Filter>Source Files</Filter>
    </ClCompile>
    <ClCompile Include="nodecpp-internals.cpp">
      <Filter>Source Files</Filter>
    </ClCompile>
    <ClCompile Include="nodepp.cpp">
      <Filter>Source Files</Filter>
    </ClCompile>
    <ClCompile Include="node-zlib.cpp">
      <Filter>Source Files</Filter>
    </ClCompile>
    <ClCompile Include="os.cpp">
      <Filter>Source Files</Filter>
    </ClCompile>
    <ClCompile Include="path.cpp">
      <Filter>Source Files</Filter>
    </ClCompile>
    <ClCompile Include="pe-cert.cpp">
      <Filter>Source Files</Filter>
    </ClCompile>
    <ClCompile Include="pipe-wrap.cpp">
      <Filter>Source Files</Filter>
    </ClCompile>
    <ClCompile Include="process.cpp">
      <Filter>Source Files</Filter>
    </ClCompile>
    <ClCompile Include="process-wrap.cpp">
      <Filter>Source Files</Filter>
    </ClCompile>
    <ClCompile Include="querystring.cpp">
      <Filter>Source Files</Filter>
    </ClCompile>
    <ClCompile Include="read-file-context.cpp">
      <Filter>Source Files</Filter>
    </ClCompile>
    <ClCompile Include="server-response.cpp">
      <Filter>Source Files</Filter>
    </ClCompile>
    <ClCompile Include="shm.cpp">
      <Filter>Source Files</Filter>
    </ClCompile>
    <ClCompile Include="stats-def.cpp">
      <Filter>Source Files</Filter>
    </ClCompile>
    <ClCompile Include="stream.cpp">
      <Filter>Source Files</Filter>
    </ClCompile>
    <ClCompile Include="stream-base.cpp">
      <Filter>Source Files</Filter>
    </ClCompile>
    <ClCompile Include="stream-readable.cpp">
      <Filter>Source Files</Filter>
    </ClCompile>
    <ClCompile Include="stream-resource.cpp">
      <Filter>Source Files</Filter>
    </ClCompile>
    <ClCompile Include="stream-wrap.cpp">
      <Filter>Source Files</Filter>
    </ClCompile>
    <ClCompile Include="tcp-wrap.cpp">
      <Filter>Source Files</Filter>
    </ClCompile>
    <ClCompile Include="timers.cpp">
      <Filter>Source Files</Filter>
    </ClCompile>
    <ClCompile Include="timer-wrap.cpp">
      <Filter>Source Files</Filter>
    </ClCompile>
    <ClCompile Include="underscore.string.cpp">
      <Filter>Source Files</Filter>
    </ClCompile>
    <ClCompile Include="url.cpp">
      <Filter>Source Files</Filter>
    </ClCompile>
    <ClCompile Include="util.cpp">
      <Filter>Source Files</Filter>
    </ClCompile>
    <ClCompile Include="winreg.cpp">
      <Filter>Source Files</Filter>
    </ClCompile>
    <ClCompile Include="wm-code-trans.cpp">
      <Filter>Source Files</Filter>
    </ClCompile>
    <ClCompile Include="write-wrap.cpp">
      <Filter>Source Files</Filter>
    </ClCompile>
    <ClCompile Include="base64\base64.cpp">
      <Filter>deps\base64</Filter>
    </ClCompile>
    <ClCompile Include="base64\modp_b64.cc">
      <Filter>deps\base64</Filter>
    </ClCompile>
    <ClCompile Include="fmt\format.cc">
      <Filter>deps\fmt</Filter>
    </ClCompile>
    <ClCompile Include="zctx.cpp">
      <Filter>core\inner</Filter>
    </ClCompile>
    <ClCompile Include="super-agent.cpp">
      <Filter>third</Filter>
    </ClCompile>
    <ClCompile Include="request-wrap.cpp">
      <Filter>third</Filter>
    </ClCompile>
    <ClCompile Include="zlib\ioapi.c">
      <Filter>deps\zlib</Filter>
    </ClCompile>
    <ClCompile Include="zlib\unzip.c">
      <Filter>deps\zlib</Filter>
    </ClCompile>
    <ClCompile Include="async.cpp">
      <Filter>third</Filter>
    </ClCompile>
  </ItemGroup>
</Project>