<?xml version="1.0" encoding="utf-8"?>
<Project ToolsVersion="4.0" xmlns="http://schemas.microsoft.com/developer/msbuild/2003">
  <ItemGroup>
    <Filter Include="Source Files">
      <UniqueIdentifier>{4FC737F1-C7A5-4376-A066-2A32D752A2FF}</UniqueIdentifier>
      <Extensions>cpp;c;cc;cxx;def;odl;idl;hpj;bat;asm;asmx</Extensions>
    </Filter>
    <Filter Include="Header Files">
      <UniqueIdentifier>{93995380-89BD-4b04-88EB-625FBE52EBFB}</UniqueIdentifier>
      <Extensions>h;hh;hpp;hxx;hm;inl;inc;xsd</Extensions>
    </Filter>
    <Filter Include="Resource Files">
      <UniqueIdentifier>{67DA6AB6-F800-4c08-8B7A-83BB121AAD01}</UniqueIdentifier>
      <Extensions>rc;ico;cur;bmp;dlg;rc2;rct;bin;rgs;gif;jpg;jpeg;jpe;resx;tiff;tif;png;wav;mfcribbon-ms</Extensions>
    </Filter>
  </ItemGroup>
  <ItemGroup>
    <ClInclude Include="stdafx.h">
      <Filter>Header Files</Filter>
    </ClInclude>
    <ClInclude Include="targetver.h">
      <Filter>Header Files</Filter>
    </ClInclude>
    <ClInclude Include="fmt-test.h">
      <Filter>Header Files</Filter>
    </ClInclude>
    <ClInclude Include="buffer-test.h">
      <Filter>Header Files</Filter>
    </ClInclude>
    <ClInclude Include="core-math-test.h">
      <Filter>Header Files</Filter>
    </ClInclude>
    <ClInclude Include="core-test.h">
      <Filter>Header Files</Filter>
    </ClInclude>
    <ClInclude Include="events-test.h">
      <Filter>Header Files</Filter>
    </ClInclude>
    <ClInclude Include="file-url-test.h">
      <Filter>Header Files</Filter>
    </ClInclude>
    <ClInclude Include="fs-test.h">
      <Filter>Header Files</Filter>
    </ClInclude>
    <ClInclude Include="http-test.h">
      <Filter>Header Files</Filter>
    </ClInclude>
    <ClInclude Include="iconv-test.h">
      <Filter>Header Files</Filter>
    </ClInclude>
    <ClInclude Include="ini-test.h">
      <Filter>Header Files</Filter>
    </ClInclude>
    <ClInclude Include="keyboard-code-trans-test.h">
      <Filter>Header Files</Filter>
    </ClInclude>
    <ClInclude Include="lodash-test.h">
      <Filter>Header Files</Filter>
    </ClInclude>
    <ClInclude Include="moment-test.h">
      <Filter>Header Files</Filter>
    </ClInclude>
    <ClInclude Include="os-test.h">
      <Filter>Header Files</Filter>
    </ClInclude>
    <ClInclude Include="path-test.h">
      <Filter>Header Files</Filter>
    </ClInclude>
    <ClInclude Include="pe-cert-test.h">
      <Filter>Header Files</Filter>
    </ClInclude>
    <ClInclude Include="process-test.h">
      <Filter>Header Files</Filter>
    </ClInclude>
    <ClInclude Include="querystring-test.h">
      <Filter>Header Files</Filter>
    </ClInclude>
    <ClInclude Include="regex-test.h">
      <Filter>Header Files</Filter>
    </ClInclude>
    <ClInclude Include="timers-test.h">
      <Filter>Header Files</Filter>
    </ClInclude>
    <ClInclude Include="underscore.string-test.h">
      <Filter>Header Files</Filter>
    </ClInclude>
    <ClInclude Include="url-test.h">
      <Filter>Header Files</Filter>
    </ClInclude>
    <ClInclude Include="detours-test.h">
      <Filter>Header Files</Filter>
    </ClInclude>
    <ClInclude Include="crypto-test.h">
      <Filter>Header Files</Filter>
    </ClInclude>
    <ClInclude Include="zlib-test.h">
      <Filter>Header Files</Filter>
    </ClInclude>
    <ClInclude Include="dns-test.h">
      <Filter>Header Files</Filter>
    </ClInclude>
    <ClInclude Include="winreg-test.h">
      <Filter>Header Files</Filter>
    </ClInclude>
    <ClInclude Include="http-parse-test.h">
      <Filter>Header Files</Filter>
    </ClInclude>
    <ClInclude Include="promise-test.h">
      <Filter>Header Files</Filter>
    </ClInclude>
    <ClInclude Include="uv-thread-test.h">
      <Filter>Header Files</Filter>
    </ClInclude>
    <ClInclude Include="nlohmann-json-test.h">
      <Filter>Header Files</Filter>
    </ClInclude>
    <ClInclude Include="stream-test.h">
      <Filter>Header Files</Filter>
    </ClInclude>
  </ItemGroup>
  <ItemGroup>
    <ClCompile Include="stdafx.cpp">
      <Filter>Source Files</Filter>
    </ClCompile>
    <ClCompile Include="test.cpp">
      <Filter>Source Files</Filter>
    </ClCompile>
    <ClCompile Include="fmt-test.cpp">
      <Filter>Source Files</Filter>
    </ClCompile>
    <ClCompile Include="buffer-test.cpp">
      <Filter>Source Files</Filter>
    </ClCompile>
    <ClCompile Include="core-math-test.cpp">
      <Filter>Source Files</Filter>
    </ClCompile>
    <ClCompile Include="core-test.cpp">
      <Filter>Source Files</Filter>
    </ClCompile>
    <ClCompile Include="events-test.cpp">
      <Filter>Source Files</Filter>
    </ClCompile>
    <ClCompile Include="file-url-test.cpp">
      <Filter>Source Files</Filter>
    </ClCompile>
    <ClCompile Include="fs-test.cpp">
      <Filter>Source Files</Filter>
    </ClCompile>
    <ClCompile Include="http-test.cpp">
      <Filter>Source Files</Filter>
    </ClCompile>
    <ClCompile Include="iconv-test.cpp">
      <Filter>Source Files</Filter>
    </ClCompile>
    <ClCompile Include="ini-test.cpp">
      <Filter>Source Files</Filter>
    </ClCompile>
    <ClCompile Include="keyboard-code-trans-test.cpp">
      <Filter>Source Files</Filter>
    </ClCompile>
    <ClCompile Include="lodash-test.cpp">
      <Filter>Source Files</Filter>
    </ClCompile>
    <ClCompile Include="moment-test.cpp">
      <Filter>Source Files</Filter>
    </ClCompile>
    <ClCompile Include="os-test.cpp">
      <Filter>Source Files</Filter>
    </ClCompile>
    <ClCompile Include="path-test.cpp">
      <Filter>Source Files</Filter>
    </ClCompile>
    <ClCompile Include="pe-cert-test.cpp">
      <Filter>Source Files</Filter>
    </ClCompile>
    <ClCompile Include="process-test.cpp">
      <Filter>Source Files</Filter>
    </ClCompile>
    <ClCompile Include="querystring-test.cpp">
      <Filter>Source Files</Filter>
    </ClCompile>
    <ClCompile Include="regex-test.cpp">
      <Filter>Source Files</Filter>
    </ClCompile>
    <ClCompile Include="timers-test.cpp">
      <Filter>Source Files</Filter>
    </ClCompile>
    <ClCompile Include="underscore.string-test.cpp">
      <Filter>Source Files</Filter>
    </ClCompile>
    <ClCompile Include="url-test.cpp">
      <Filter>Source Files</Filter>
    </ClCompile>
    <ClCompile Include="detours-test.cpp">
      <Filter>Source Files</Filter>
    </ClCompile>
    <ClCompile Include="crypto-test.cpp">
      <Filter>Source Files</Filter>
    </ClCompile>
    <ClCompile Include="zlib-test.cpp">
      <Filter>Source Files</Filter>
    </ClCompile>
    <ClCompile Include="dns-test.cpp">
      <Filter>Source Files</Filter>
    </ClCompile>
    <ClCompile Include="winreg-test.cpp">
      <Filter>Source Files</Filter>
    </ClCompile>
    <ClCompile Include="http-parse-test.cpp">
      <Filter>Source Files</Filter>
    </ClCompile>
    <ClCompile Include="promise-test.cpp">
      <Filter>Source Files</Filter>
    </ClCompile>
    <ClCompile Include="uv-thread-test.cpp">
      <Filter>Source Files</Filter>
    </ClCompile>
    <ClCompile Include="nlohmann-json-test.cpp">
      <Filter>Source Files</Filter>
    </ClCompile>
    <ClCompile Include="stream-test.cpp">
      <Filter>Source Files</Filter>
    </ClCompile>
  </ItemGroup>
</Project>