
Microsoft Visual Studio Solution File, Format Version 12.00
# Visual Studio 14
VisualStudioVersion = 14.0.25420.1
MinimumVisualStudioVersion = 10.0.40219.1
Project("{2150E333-8FDC-42A3-9474-1A3956D46DE8}") = "deps", "deps", "{219D9332-5FD1-4CB3-867C-461F3DB550D1}"
EndProject
Project("{8BC9CEB8-8B4A-11D0-8D11-00A0C91BC942}") = "gtest", "deps\gtest\gtest.vcxproj", "{02FDA48E-FCE2-F31A-04B9-3E62B04C95A4}"
EndProject
Project("{8BC9CEB8-8B4A-11D0-8D11-00A0C91BC942}") = "libuv", "deps\uv\libuv.vcxproj", "{603C6853-166F-A229-0CE7-B001CAF96C76}"
EndProject
Project("{8BC9CEB8-8B4A-11D0-8D11-00A0C91BC942}") = "openssl", "deps\openssl\openssl.vcxproj", "{5C6460DB-F7B1-5315-A0DE-79A9DFC525A1}"
EndProject
Project("{8BC9CEB8-8B4A-11D0-8D11-00A0C91BC942}") = "http_parser", "deps\http_parser\http_parser.vcxproj", "{3D75A4D7-C52C-EA52-8959-BDF659A0ED66}"
EndProject
Project("{8BC9CEB8-8B4A-11D0-8D11-00A0C91BC942}") = "zlib", "deps\zlib\zlib.vcxproj", "{7FF6F247-3828-69AF-7EDB-FB0A9FF393E1}"
EndProject
Project("{8BC9CEB8-8B4A-11D0-8D11-00A0C91BC942}") = "test", "test\test.vcxproj", "{C133BA05-7878-42C2-ACA0-C26A693D70CB}"
	ProjectSection(ProjectDependencies) = postProject
		{5C4C58E7-4488-45CD-BFCD-098D95BC5D01} = {5C4C58E7-4488-45CD-BFCD-098D95BC5D01}
	EndProjectSection
EndProject
Project("{8BC9CEB8-8B4A-11D0-8D11-00A0C91BC942}") = "nodecpp", "nodecpp\nodecpp.vcxproj", "{5C4C58E7-4488-45CD-BFCD-098D95BC5D01}"
EndProject
Project("{8BC9CEB8-8B4A-11D0-8D11-00A0C91BC942}") = "net-client", "samples\net-client\net-client.vcxproj", "{568D6D24-657C-44DD-B258-8019677C3022}"
	ProjectSection(ProjectDependencies) = postProject
		{5C4C58E7-4488-45CD-BFCD-098D95BC5D01} = {5C4C58E7-4488-45CD-BFCD-098D95BC5D01}
	EndProjectSection
EndProject
Project("{2150E333-8FDC-42A3-9474-1A3956D46DE8}") = "nodecpp-test", "nodecpp-test", "{4F5B1A88-4100-40EB-AC25-AAC4B43C1BA8}"
EndProject
Project("{8BC9CEB8-8B4A-11D0-8D11-00A0C91BC942}") = "net-server", "samples\net-server\net-server.vcxproj", "{B1BDABD1-E424-4CA9-A3D6-A53292D163BE}"
	ProjectSection(ProjectDependencies) = postProject
		{5C4C58E7-4488-45CD-BFCD-098D95BC5D01} = {5C4C58E7-4488-45CD-BFCD-098D95BC5D01}
	EndProjectSection
EndProject
Project("{8BC9CEB8-8B4A-11D0-8D11-00A0C91BC942}") = "sub-process", "samples\sub-process\sub-process.vcxproj", "{F59D5BD2-20F3-4063-9C4D-21055EB93A9A}"
EndProject
Project("{8BC9CEB8-8B4A-11D0-8D11-00A0C91BC942}") = "child_process-test", "samples\child_process-test\child_process-test.vcxproj", "{D7111C35-C118-4C66-AF27-6FF22558B210}"
EndProject
Project("{8BC9CEB8-8B4A-11D0-8D11-00A0C91BC942}") = "g3log-test", "samples\g3log-test\g3log-test.vcxproj", "{3CB17997-BE05-4B1B-AE33-5B0DC119D0C9}"
EndProject
Global
	GlobalSection(SolutionConfigurationPlatforms) = preSolution
		Debug|Win32 = Debug|Win32
		MinSizeRel|Win32 = MinSizeRel|Win32
		Release|Win32 = Release|Win32
		RelWithDebInfo|Win32 = RelWithDebInfo|Win32
	EndGlobalSection
	GlobalSection(ProjectConfigurationPlatforms) = postSolution
		{02FDA48E-FCE2-F31A-04B9-3E62B04C95A4}.Debug|Win32.ActiveCfg = Debug|Win32
		{02FDA48E-FCE2-F31A-04B9-3E62B04C95A4}.Debug|Win32.Build.0 = Debug|Win32
		{02FDA48E-FCE2-F31A-04B9-3E62B04C95A4}.MinSizeRel|Win32.ActiveCfg = Release|Win32
		{02FDA48E-FCE2-F31A-04B9-3E62B04C95A4}.MinSizeRel|Win32.Build.0 = Release|Win32
		{02FDA48E-FCE2-F31A-04B9-3E62B04C95A4}.Release|Win32.ActiveCfg = Release|Win32
		{02FDA48E-FCE2-F31A-04B9-3E62B04C95A4}.Release|Win32.Build.0 = Release|Win32
		{02FDA48E-FCE2-F31A-04B9-3E62B04C95A4}.RelWithDebInfo|Win32.ActiveCfg = Release|Win32
		{02FDA48E-FCE2-F31A-04B9-3E62B04C95A4}.RelWithDebInfo|Win32.Build.0 = Release|Win32
		{603C6853-166F-A229-0CE7-B001CAF96C76}.Debug|Win32.ActiveCfg = Debug|Win32
		{603C6853-166F-A229-0CE7-B001CAF96C76}.Debug|Win32.Build.0 = Debug|Win32
		{603C6853-166F-A229-0CE7-B001CAF96C76}.MinSizeRel|Win32.ActiveCfg = Release|Win32
		{603C6853-166F-A229-0CE7-B001CAF96C76}.MinSizeRel|Win32.Build.0 = Release|Win32
		{603C6853-166F-A229-0CE7-B001CAF96C76}.Release|Win32.ActiveCfg = Release|Win32
		{603C6853-166F-A229-0CE7-B001CAF96C76}.Release|Win32.Build.0 = Release|Win32
		{603C6853-166F-A229-0CE7-B001CAF96C76}.RelWithDebInfo|Win32.ActiveCfg = Release|Win32
		{603C6853-166F-A229-0CE7-B001CAF96C76}.RelWithDebInfo|Win32.Build.0 = Release|Win32
		{5C6460DB-F7B1-5315-A0DE-79A9DFC525A1}.Debug|Win32.ActiveCfg = Debug|Win32
		{5C6460DB-F7B1-5315-A0DE-79A9DFC525A1}.Debug|Win32.Build.0 = Debug|Win32
		{5C6460DB-F7B1-5315-A0DE-79A9DFC525A1}.MinSizeRel|Win32.ActiveCfg = Release|Win32
		{5C6460DB-F7B1-5315-A0DE-79A9DFC525A1}.MinSizeRel|Win32.Build.0 = Release|Win32
		{5C6460DB-F7B1-5315-A0DE-79A9DFC525A1}.Release|Win32.ActiveCfg = Release|Win32
		{5C6460DB-F7B1-5315-A0DE-79A9DFC525A1}.Release|Win32.Build.0 = Release|Win32
		{5C6460DB-F7B1-5315-A0DE-79A9DFC525A1}.RelWithDebInfo|Win32.ActiveCfg = Release|Win32
		{5C6460DB-F7B1-5315-A0DE-79A9DFC525A1}.RelWithDebInfo|Win32.Build.0 = Release|Win32
		{3D75A4D7-C52C-EA52-8959-BDF659A0ED66}.Debug|Win32.ActiveCfg = Debug|Win32
		{3D75A4D7-C52C-EA52-8959-BDF659A0ED66}.Debug|Win32.Build.0 = Debug|Win32
		{3D75A4D7-C52C-EA52-8959-BDF659A0ED66}.MinSizeRel|Win32.ActiveCfg = Release|Win32
		{3D75A4D7-C52C-EA52-8959-BDF659A0ED66}.MinSizeRel|Win32.Build.0 = Release|Win32
		{3D75A4D7-C52C-EA52-8959-BDF659A0ED66}.Release|Win32.ActiveCfg = Release|Win32
		{3D75A4D7-C52C-EA52-8959-BDF659A0ED66}.Release|Win32.Build.0 = Release|Win32
		{3D75A4D7-C52C-EA52-8959-BDF659A0ED66}.RelWithDebInfo|Win32.ActiveCfg = Release|Win32
		{3D75A4D7-C52C-EA52-8959-BDF659A0ED66}.RelWithDebInfo|Win32.Build.0 = Release|Win32
		{7FF6F247-3828-69AF-7EDB-FB0A9FF393E1}.Debug|Win32.ActiveCfg = Debug|Win32
		{7FF6F247-3828-69AF-7EDB-FB0A9FF393E1}.Debug|Win32.Build.0 = Debug|Win32
		{7FF6F247-3828-69AF-7EDB-FB0A9FF393E1}.MinSizeRel|Win32.ActiveCfg = Release|Win32
		{7FF6F247-3828-69AF-7EDB-FB0A9FF393E1}.MinSizeRel|Win32.Build.0 = Release|Win32
		{7FF6F247-3828-69AF-7EDB-FB0A9FF393E1}.Release|Win32.ActiveCfg = Release|Win32
		{7FF6F247-3828-69AF-7EDB-FB0A9FF393E1}.Release|Win32.Build.0 = Release|Win32
		{7FF6F247-3828-69AF-7EDB-FB0A9FF393E1}.RelWithDebInfo|Win32.ActiveCfg = Release|Win32
		{7FF6F247-3828-69AF-7EDB-FB0A9FF393E1}.RelWithDebInfo|Win32.Build.0 = Release|Win32
		{C133BA05-7878-42C2-ACA0-C26A693D70CB}.Debug|Win32.ActiveCfg = Debug|Win32
		{C133BA05-7878-42C2-ACA0-C26A693D70CB}.Debug|Win32.Build.0 = Debug|Win32
		{C133BA05-7878-42C2-ACA0-C26A693D70CB}.MinSizeRel|Win32.ActiveCfg = Release|Win32
		{C133BA05-7878-42C2-ACA0-C26A693D70CB}.MinSizeRel|Win32.Build.0 = Release|Win32
		{C133BA05-7878-42C2-ACA0-C26A693D70CB}.Release|Win32.ActiveCfg = Release|Win32
		{C133BA05-7878-42C2-ACA0-C26A693D70CB}.Release|Win32.Build.0 = Release|Win32
		{C133BA05-7878-42C2-ACA0-C26A693D70CB}.RelWithDebInfo|Win32.ActiveCfg = Release|Win32
		{C133BA05-7878-42C2-ACA0-C26A693D70CB}.RelWithDebInfo|Win32.Build.0 = Release|Win32
		{5C4C58E7-4488-45CD-BFCD-098D95BC5D01}.Debug|Win32.ActiveCfg = Debug|Win32
		{5C4C58E7-4488-45CD-BFCD-098D95BC5D01}.Debug|Win32.Build.0 = Debug|Win32
		{5C4C58E7-4488-45CD-BFCD-098D95BC5D01}.MinSizeRel|Win32.ActiveCfg = Release|Win32
		{5C4C58E7-4488-45CD-BFCD-098D95BC5D01}.MinSizeRel|Win32.Build.0 = Release|Win32
		{5C4C58E7-4488-45CD-BFCD-098D95BC5D01}.Release|Win32.ActiveCfg = Release|Win32
		{5C4C58E7-4488-45CD-BFCD-098D95BC5D01}.Release|Win32.Build.0 = Release|Win32
		{5C4C58E7-4488-45CD-BFCD-098D95BC5D01}.RelWithDebInfo|Win32.ActiveCfg = Release|Win32
		{5C4C58E7-4488-45CD-BFCD-098D95BC5D01}.RelWithDebInfo|Win32.Build.0 = Release|Win32
		{568D6D24-657C-44DD-B258-8019677C3022}.Debug|Win32.ActiveCfg = Debug|Win32
		{568D6D24-657C-44DD-B258-8019677C3022}.Debug|Win32.Build.0 = Debug|Win32
		{568D6D24-657C-44DD-B258-8019677C3022}.MinSizeRel|Win32.ActiveCfg = Release|Win32
		{568D6D24-657C-44DD-B258-8019677C3022}.MinSizeRel|Win32.Build.0 = Release|Win32
		{568D6D24-657C-44DD-B258-8019677C3022}.Release|Win32.ActiveCfg = Release|Win32
		{568D6D24-657C-44DD-B258-8019677C3022}.Release|Win32.Build.0 = Release|Win32
		{568D6D24-657C-44DD-B258-8019677C3022}.RelWithDebInfo|Win32.ActiveCfg = Release|Win32
		{568D6D24-657C-44DD-B258-8019677C3022}.RelWithDebInfo|Win32.Build.0 = Release|Win32
		{B1BDABD1-E424-4CA9-A3D6-A53292D163BE}.Debug|Win32.ActiveCfg = Debug|Win32
		{B1BDABD1-E424-4CA9-A3D6-A53292D163BE}.Debug|Win32.Build.0 = Debug|Win32
		{B1BDABD1-E424-4CA9-A3D6-A53292D163BE}.MinSizeRel|Win32.ActiveCfg = Release|Win32
		{B1BDABD1-E424-4CA9-A3D6-A53292D163BE}.MinSizeRel|Win32.Build.0 = Release|Win32
		{B1BDABD1-E424-4CA9-A3D6-A53292D163BE}.Release|Win32.ActiveCfg = Release|Win32
		{B1BDABD1-E424-4CA9-A3D6-A53292D163BE}.Release|Win32.Build.0 = Release|Win32
		{B1BDABD1-E424-4CA9-A3D6-A53292D163BE}.RelWithDebInfo|Win32.ActiveCfg = Release|Win32
		{B1BDABD1-E424-4CA9-A3D6-A53292D163BE}.RelWithDebInfo|Win32.Build.0 = Release|Win32
		{F59D5BD2-20F3-4063-9C4D-21055EB93A9A}.Debug|Win32.ActiveCfg = Debug|Win32
		{F59D5BD2-20F3-4063-9C4D-21055EB93A9A}.Debug|Win32.Build.0 = Debug|Win32
		{F59D5BD2-20F3-4063-9C4D-21055EB93A9A}.MinSizeRel|Win32.ActiveCfg = Release|Win32
		{F59D5BD2-20F3-4063-9C4D-21055EB93A9A}.MinSizeRel|Win32.Build.0 = Release|Win32
		{F59D5BD2-20F3-4063-9C4D-21055EB93A9A}.Release|Win32.ActiveCfg = Release|Win32
		{F59D5BD2-20F3-4063-9C4D-21055EB93A9A}.Release|Win32.Build.0 = Release|Win32
		{F59D5BD2-20F3-4063-9C4D-21055EB93A9A}.RelWithDebInfo|Win32.ActiveCfg = Release|Win32
		{F59D5BD2-20F3-4063-9C4D-21055EB93A9A}.RelWithDebInfo|Win32.Build.0 = Release|Win32
		{D7111C35-C118-4C66-AF27-6FF22558B210}.Debug|Win32.ActiveCfg = Debug|Win32
		{D7111C35-C118-4C66-AF27-6FF22558B210}.Debug|Win32.Build.0 = Debug|Win32
		{D7111C35-C118-4C66-AF27-6FF22558B210}.MinSizeRel|Win32.ActiveCfg = Release|Win32
		{D7111C35-C118-4C66-AF27-6FF22558B210}.MinSizeRel|Win32.Build.0 = Release|Win32
		{D7111C35-C118-4C66-AF27-6FF22558B210}.Release|Win32.ActiveCfg = Release|Win32
		{D7111C35-C118-4C66-AF27-6FF22558B210}.Release|Win32.Build.0 = Release|Win32
		{D7111C35-C118-4C66-AF27-6FF22558B210}.RelWithDebInfo|Win32.ActiveCfg = Release|Win32
		{D7111C35-C118-4C66-AF27-6FF22558B210}.RelWithDebInfo|Win32.Build.0 = Release|Win32
		{3CB17997-BE05-4B1B-AE33-5B0DC119D0C9}.Debug|Win32.ActiveCfg = Debug|Win32
		{3CB17997-BE05-4B1B-AE33-5B0DC119D0C9}.Debug|Win32.Build.0 = Debug|Win32
		{3CB17997-BE05-4B1B-AE33-5B0DC119D0C9}.MinSizeRel|Win32.ActiveCfg = Release|Win32
		{3CB17997-BE05-4B1B-AE33-5B0DC119D0C9}.MinSizeRel|Win32.Build.0 = Release|Win32
		{3CB17997-BE05-4B1B-AE33-5B0DC119D0C9}.Release|Win32.ActiveCfg = Release|Win32
		{3CB17997-BE05-4B1B-AE33-5B0DC119D0C9}.Release|Win32.Build.0 = Release|Win32
		{3CB17997-BE05-4B1B-AE33-5B0DC119D0C9}.RelWithDebInfo|Win32.ActiveCfg = Release|Win32
		{3CB17997-BE05-4B1B-AE33-5B0DC119D0C9}.RelWithDebInfo|Win32.Build.0 = Release|Win32
	EndGlobalSection
	GlobalSection(SolutionProperties) = preSolution
		HideSolutionNode = FALSE
	EndGlobalSection
	GlobalSection(NestedProjects) = preSolution
		{02FDA48E-FCE2-F31A-04B9-3E62B04C95A4} = {219D9332-5FD1-4CB3-867C-461F3DB550D1}
		{603C6853-166F-A229-0CE7-B001CAF96C76} = {219D9332-5FD1-4CB3-867C-461F3DB550D1}
		{5C6460DB-F7B1-5315-A0DE-79A9DFC525A1} = {219D9332-5FD1-4CB3-867C-461F3DB550D1}
		{3D75A4D7-C52C-EA52-8959-BDF659A0ED66} = {219D9332-5FD1-4CB3-867C-461F3DB550D1}
		{7FF6F247-3828-69AF-7EDB-FB0A9FF393E1} = {219D9332-5FD1-4CB3-867C-461F3DB550D1}
		{C133BA05-7878-42C2-ACA0-C26A693D70CB} = {4F5B1A88-4100-40EB-AC25-AAC4B43C1BA8}
		{568D6D24-657C-44DD-B258-8019677C3022} = {4F5B1A88-4100-40EB-AC25-AAC4B43C1BA8}
		{B1BDABD1-E424-4CA9-A3D6-A53292D163BE} = {4F5B1A88-4100-40EB-AC25-AAC4B43C1BA8}
		{F59D5BD2-20F3-4063-9C4D-21055EB93A9A} = {4F5B1A88-4100-40EB-AC25-AAC4B43C1BA8}
		{D7111C35-C118-4C66-AF27-6FF22558B210} = {4F5B1A88-4100-40EB-AC25-AAC4B43C1BA8}
		{3CB17997-BE05-4B1B-AE33-5B0DC119D0C9} = {4F5B1A88-4100-40EB-AC25-AAC4B43C1BA8}
	EndGlobalSection
EndGlobal
