<?xml version="1.0" encoding="utf-8"?>
<Project ToolsVersion="4.0" xmlns="http://schemas.microsoft.com/developer/msbuild/2003">
  <ItemGroup>
    <Filter Include="Source Files">
      <UniqueIdentifier>{4FC737F1-C7A5-4376-A066-2A32D752A2FF}</UniqueIdentifier>
      <Extensions>cpp;c;cc;cxx;def;odl;idl;hpj;bat;asm;asmx</Extensions>
    </Filter>
    <Filter Include="Header Files">
      <UniqueIdentifier>{93995380-89BD-4b04-88EB-625FBE52EBFB}</UniqueIdentifier>
      <Extensions>h;hh;hpp;hxx;hm;inl;inc;xsd</Extensions>
    </Filter>
    <Filter Include="Resource Files">
      <UniqueIdentifier>{67DA6AB6-F800-4c08-8B7A-83BB121AAD01}</UniqueIdentifier>
      <Extensions>rc;ico;cur;bmp;dlg;rc2;rct;bin;rgs;gif;jpg;jpeg;jpe;resx;tiff;tif;png;wav;mfcribbon-ms</Extensions>
    </Filter>
    <Filter Include="utils">
      <UniqueIdentifier>{bbd213af-b232-4abe-b20e-c0dcf142300b}</UniqueIdentifier>
    </Filter>
    <Filter Include="core">
      <UniqueIdentifier>{41858c5d-8de4-425f-92e2-cb56657abfe3}</UniqueIdentifier>
    </Filter>
    <Filter Include="third">
      <UniqueIdentifier>{1376b4d1-7bd9-4df4-a9df-c4a7f96fcacd}</UniqueIdentifier>
    </Filter>
    <Filter Include="self">
      <UniqueIdentifier>{fccfe28c-bdde-4f37-bcaf-ba4409321a18}</UniqueIdentifier>
    </Filter>
    <Filter Include="deps">
      <UniqueIdentifier>{ef588c27-bb85-4cd1-9a01-d639b917a7f2}</UniqueIdentifier>
    </Filter>
    <Filter Include="deps\fmt">
      <UniqueIdentifier>{6c2109d6-a325-4865-bf5d-db107a2417aa}</UniqueIdentifier>
    </Filter>
    <Filter Include="deps\json11">
      <UniqueIdentifier>{955bc977-3ebd-4da2-8f48-f60d54e6400b}</UniqueIdentifier>
    </Filter>
    <Filter Include="deps\base64">
      <UniqueIdentifier>{f9b2b419-0b83-4a13-ba30-66f4e0fd914e}</UniqueIdentifier>
    </Filter>
  </ItemGroup>
  <ItemGroup>
    <ClInclude Include="..\include\nodecpp\nodecpp.h">
      <Filter>Header Files</Filter>
    </ClInclude>
    <ClInclude Include="..\include\fmt\format.h">
      <Filter>deps\fmt</Filter>
    </ClInclude>
    <ClInclude Include="base64\base64.h">
      <Filter>deps\base64</Filter>
    </ClInclude>
    <ClInclude Include="base64\modp_b64.h">
      <Filter>deps\base64</Filter>
    </ClInclude>
    <ClInclude Include="base64\modp_b64_data.h">
      <Filter>deps\base64</Filter>
    </ClInclude>
    <ClInclude Include="..\include\nodecpp\nodecpp-def.h">
      <Filter>Header Files</Filter>
    </ClInclude>
    <ClInclude Include="..\include\json11\json11.hpp">
      <Filter>deps\json11</Filter>
    </ClInclude>
    <ClInclude Include="..\include\nodecpp\buffer.h">
      <Filter>Header Files</Filter>
    </ClInclude>
    <ClInclude Include="..\include\nodecpp\callback.h">
      <Filter>Header Files</Filter>
    </ClInclude>
    <ClInclude Include="..\include\nodecpp\child_process.h">
      <Filter>Header Files</Filter>
    </ClInclude>
    <ClInclude Include="..\include\nodecpp\core.h">
      <Filter>Header Files</Filter>
    </ClInclude>
    <ClInclude Include="..\include\nodecpp\core-math.h">
      <Filter>Header Files</Filter>
    </ClInclude>
    <ClInclude Include="..\include\nodecpp\dll-util.h">
      <Filter>Header Files</Filter>
    </ClInclude>
    <ClInclude Include="..\include\nodecpp\error.h">
      <Filter>Header Files</Filter>
    </ClInclude>
    <ClInclude Include="..\include\nodecpp\events.h">
      <Filter>Header Files</Filter>
    </ClInclude>
    <ClInclude Include="..\include\nodecpp\file-url.h">
      <Filter>Header Files</Filter>
    </ClInclude>
    <ClInclude Include="..\include\nodecpp\fs.h">
      <Filter>Header Files</Filter>
    </ClInclude>
    <ClInclude Include="..\include\nodecpp\http.h">
      <Filter>Header Files</Filter>
    </ClInclude>
    <ClInclude Include="..\include\nodecpp\iconv.h">
      <Filter>Header Files</Filter>
    </ClInclude>
    <ClInclude Include="..\include\nodecpp\ini.h">
      <Filter>Header Files</Filter>
    </ClInclude>
    <ClInclude Include="..\include\nodecpp\keyboard-codes.h">
      <Filter>Header Files</Filter>
    </ClInclude>
    <ClInclude Include="..\include\nodecpp\keyboard-code-trans.h">
      <Filter>Header Files</Filter>
    </ClInclude>
    <ClInclude Include="..\include\nodecpp\lodash.h">
      <Filter>Header Files</Filter>
    </ClInclude>
    <ClInclude Include="..\include\nodecpp\moment.h">
      <Filter>Header Files</Filter>
    </ClInclude>
    <ClInclude Include="..\include\nodecpp\net.h">
      <Filter>Header Files</Filter>
    </ClInclude>
    <ClInclude Include="..\include\nodecpp\os.h">
      <Filter>Header Files</Filter>
    </ClInclude>
    <ClInclude Include="..\include\nodecpp\path.h">
      <Filter>Header Files</Filter>
    </ClInclude>
    <ClInclude Include="..\include\nodecpp\pe-cert.h">
      <Filter>Header Files</Filter>
    </ClInclude>
    <ClInclude Include="..\include\nodecpp\process.h">
      <Filter>Header Files</Filter>
    </ClInclude>
    <ClInclude Include="..\include\nodecpp\querystring.h">
      <Filter>Header Files</Filter>
    </ClInclude>
    <ClInclude Include="..\include\nodecpp\shm.h">
      <Filter>Header Files</Filter>
    </ClInclude>
    <ClInclude Include="..\include\nodecpp\SimpleIni.h">
      <Filter>Header Files</Filter>
    </ClInclude>
    <ClInclude Include="..\include\nodecpp\singleton.h">
      <Filter>Header Files</Filter>
    </ClInclude>
    <ClInclude Include="..\include\nodecpp\std-regex-ex.h">
      <Filter>Header Files</Filter>
    </ClInclude>
    <ClInclude Include="..\include\nodecpp\timers.h">
      <Filter>Header Files</Filter>
    </ClInclude>
    <ClInclude Include="..\include\nodecpp\underscore.string.h">
      <Filter>Header Files</Filter>
    </ClInclude>
    <ClInclude Include="..\include\nodecpp\url.h">
      <Filter>Header Files</Filter>
    </ClInclude>
  </ItemGroup>
  <ItemGroup>
    <ClCompile Include="nodecpp.cpp">
      <Filter>Source Files</Filter>
    </ClCompile>
    <ClCompile Include="fmt\format.cc">
      <Filter>deps\fmt</Filter>
    </ClCompile>
    <ClCompile Include="base64\base64.cpp">
      <Filter>deps\base64</Filter>
    </ClCompile>
    <ClCompile Include="base64\modp_b64.cc">
      <Filter>deps\base64</Filter>
    </ClCompile>
    <ClCompile Include="buffer.cpp">
      <Filter>Source Files</Filter>
    </ClCompile>
    <ClCompile Include="child_process.cpp">
      <Filter>Source Files</Filter>
    </ClCompile>
    <ClCompile Include="core.cpp">
      <Filter>Source Files</Filter>
    </ClCompile>
    <ClCompile Include="core-math.cpp">
      <Filter>Source Files</Filter>
    </ClCompile>
    <ClCompile Include="dll-util.cpp">
      <Filter>Source Files</Filter>
    </ClCompile>
    <ClCompile Include="events.cpp">
      <Filter>Source Files</Filter>
    </ClCompile>
    <ClCompile Include="file-url.cpp">
      <Filter>Source Files</Filter>
    </ClCompile>
    <ClCompile Include="fs.cpp">
      <Filter>Source Files</Filter>
    </ClCompile>
    <ClCompile Include="http.cpp">
      <Filter>Source Files</Filter>
    </ClCompile>
    <ClCompile Include="iconv.cpp">
      <Filter>Source Files</Filter>
    </ClCompile>
    <ClCompile Include="ini.cpp">
      <Filter>Source Files</Filter>
    </ClCompile>
    <ClCompile Include="keyboard-code-trans.cpp">
      <Filter>Source Files</Filter>
    </ClCompile>
    <ClCompile Include="lodash.cpp">
      <Filter>Source Files</Filter>
    </ClCompile>
    <ClCompile Include="moment.cpp">
      <Filter>Source Files</Filter>
    </ClCompile>
    <ClCompile Include="net.cpp">
      <Filter>Source Files</Filter>
    </ClCompile>
    <ClCompile Include="os.cpp">
      <Filter>Source Files</Filter>
    </ClCompile>
    <ClCompile Include="path.cpp">
      <Filter>Source Files</Filter>
    </ClCompile>
    <ClCompile Include="pe-cert.cpp">
      <Filter>Source Files</Filter>
    </ClCompile>
    <ClCompile Include="process.cpp">
      <Filter>Source Files</Filter>
    </ClCompile>
    <ClCompile Include="querystring.cpp">
      <Filter>Source Files</Filter>
    </ClCompile>
    <ClCompile Include="shm.cpp">
      <Filter>Source Files</Filter>
    </ClCompile>
    <ClCompile Include="timers.cpp">
      <Filter>Source Files</Filter>
    </ClCompile>
    <ClCompile Include="underscore.string.cpp">
      <Filter>Source Files</Filter>
    </ClCompile>
    <ClCompile Include="url.cpp">
      <Filter>Source Files</Filter>
    </ClCompile>
    <ClCompile Include="..\include\nodecpp\json11.cpp">
      <Filter>deps\json11</Filter>
    </ClCompile>
  </ItemGroup>
</Project>